// !$*UTF8*$!
{
	archiveVersion = 1;
	classes = {
	};
	objectVersion = 46;
	objects = {

/* Begin PBXBuildFile section */
		0207DA581B56EA530066E2B4 /* Images.xcassets in Resources */ = {isa = PBXBuildFile; fileRef = 0207DA571B56EA530066E2B4 /* Images.xcassets */; };
		1D3623260D0F684500981E51 /* AppDelegate.m in Sources */ = {isa = PBXBuildFile; fileRef = 1D3623250D0F684500981E51 /* AppDelegate.m */; };
		1D60589B0D05DD56006BFB54 /* main.m in Sources */ = {isa = PBXBuildFile; fileRef = 29B97316FDCFA39411CA2CEA /* main.m */; };
		301BF552109A68D80062928A /* libCordova.a in Frameworks */ = {isa = PBXBuildFile; fileRef = 301BF535109A57CC0062928A /* libCordova.a */; settings = {ATTRIBUTES = (Required, ); }; };
		302D95F114D2391D003F00A1 /* MainViewController.m in Sources */ = {isa = PBXBuildFile; fileRef = 302D95EF14D2391D003F00A1 /* MainViewController.m */; };
		302D95F214D2391D003F00A1 /* MainViewController.xib in Resources */ = {isa = PBXBuildFile; fileRef = 302D95F014D2391D003F00A1 /* MainViewController.xib */; };
		6AFF5BF91D6E424B00AB3073 /* CDVLaunchScreen.storyboard in Resources */ = {isa = PBXBuildFile; fileRef = 6AFF5BF81D6E424B00AB3073 /* CDVLaunchScreen.storyboard */; };
		0645BA3235E94606AAED9F5D /* CDVStatusBar.m in Sources */ = {isa = PBXBuildFile; fileRef = BC1C785578CE4A299061CC86 /* CDVStatusBar.m */; };
		3F7331644ACB4E309BBCF84D /* CDVDevice.m in Sources */ = {isa = PBXBuildFile; fileRef = E5F7B60697A84250A6D5835F /* CDVDevice.m */; };
		76D7ADECDD1849FAA3D195F3 /* CDVSplashScreen.m in Sources */ = {isa = PBXBuildFile; fileRef = 3EB3DD6021B646BD87F75711 /* CDVSplashScreen.m */; };
		F32062AA50E0422F83C5DD71 /* CDVViewController+SplashScreen.m in Sources */ = {isa = PBXBuildFile; fileRef = F3E1D60D8CC44C57ABC3FABA /* CDVViewController+SplashScreen.m */; };
		9181773C23E6457FA4A24D1F /* CDVWKWebViewEngine.m in Sources */ = {isa = PBXBuildFile; fileRef = 7A44AC25FD9D4BEEBE86D922 /* CDVWKWebViewEngine.m */; };
		C69091DE5ECB4A53B2C0EC28 /* CDVWKWebViewUIDelegate.m in Sources */ = {isa = PBXBuildFile; fileRef = 74BFF3563D6A4AF7BA425A8E /* CDVWKWebViewUIDelegate.m */; };
		78C0BA864A294E88BB19885E /* CDVWKProcessPoolFactory.m in Sources */ = {isa = PBXBuildFile; fileRef = D3D9A6E667B34F0281CE501E /* CDVWKProcessPoolFactory.m */; };
		CAD2E78B1DD14460B6C28619 /* IONAssetHandler.m in Sources */ = {isa = PBXBuildFile; fileRef = 226B8CF51F244BB2829F985F /* IONAssetHandler.m */; };
		2A9ADCC2CB7746959AA94147 /* WebKit.framework in Frameworks */ = {isa = PBXBuildFile; fileRef = CA6966A82C2A49E39DF0FD5A /* WebKit.framework */; settings = {ATTRIBUTES = (Weak, ); }; };
		AE0C46592E384C1FB833C394 /* CDVIonicKeyboard.m in Sources */ = {isa = PBXBuildFile; fileRef = 9CD3EAE234AF476C9E999454 /* CDVIonicKeyboard.m */; };
		AB99381F487243A0B86A5E17 /* DatePicker.m in Sources */ = {isa = PBXBuildFile; fileRef = 71EAB0A669CA4C498DE35FBF /* DatePicker.m */; };
		8FC574C46BE2459AB7CD9FA1 /* DatePicker.xib in Resources */ = {isa = PBXBuildFile; fileRef = 1DC4189C60F9499DB26EDEDB /* DatePicker.xib */; };
		2E82C1924DC440EF92E1B0CC /* UIImage+CropScaleOrientation.m in Sources */ = {isa = PBXBuildFile; fileRef = DEFB9E696EF248E7AA6ECF80 /* UIImage+CropScaleOrientation.m */; };
		8245D8694F8640048FB1E167 /* CDVCamera.m in Sources */ = {isa = PBXBuildFile; fileRef = 12AEC6BBBD434D2597EBA887 /* CDVCamera.m */; };
		A306E9C6533040ED95C3611E /* CDVJpegHeaderWriter.m in Sources */ = {isa = PBXBuildFile; fileRef = FB024A08C66B492386D6D323 /* CDVJpegHeaderWriter.m */; };
		6DFC80C339BB47038BC1EB75 /* ImageIO.framework in Frameworks */ = {isa = PBXBuildFile; fileRef = A384E07C6543475080C71C85 /* ImageIO.framework */; settings = {ATTRIBUTES = (Weak, ); }; };
		BD8CF005DBDF41B58493861E /* CoreLocation.framework in Frameworks */ = {isa = PBXBuildFile; fileRef = DB4D6D9357F6476CB8AC8D06 /* CoreLocation.framework */; };
		45C25FA10B6847A78C6871B5 /* AVFoundation.framework in Frameworks */ = {isa = PBXBuildFile; fileRef = 47235FB77FB646829E16C540 /* AVFoundation.framework */; };
		714F1F9E5A17465097EE74DB /* CDVFile.m in Sources */ = {isa = PBXBuildFile; fileRef = EB6843DC20EE4D23BB327411 /* CDVFile.m */; };
		CDE32DDF289749749F13CCDC /* CDVLocalFilesystem.m in Sources */ = {isa = PBXBuildFile; fileRef = C4791F0236A94D079E258BF9 /* CDVLocalFilesystem.m */; };
		4296DA6B62A5440E9DE68542 /* CDVAssetLibraryFilesystem.m in Sources */ = {isa = PBXBuildFile; fileRef = E23B7A3819874E54B32F83AD /* CDVAssetLibraryFilesystem.m */; };
		645CEE352C40414A92AE9709 /* CDVFileTransfer.m in Sources */ = {isa = PBXBuildFile; fileRef = 30377C643CF043CE857B4F98 /* CDVFileTransfer.m */; };
		A1A15A86C784498DA9E24EB9 /* CDVInAppBrowser.m in Sources */ = {isa = PBXBuildFile; fileRef = DFC617EFDFEE491F8A03CC57 /* CDVInAppBrowser.m */; };
		23F4E996785B45A0961928F2 /* CDVInAppBrowserOptions.m in Sources */ = {isa = PBXBuildFile; fileRef = A27BAB2C741642CCA52B63B5 /* CDVInAppBrowserOptions.m */; };
		A66BE339B34845F09C9B352A /* CDVInAppBrowserNavigationController.m in Sources */ = {isa = PBXBuildFile; fileRef = 95BD35EB5F874B83AED8D976 /* CDVInAppBrowserNavigationController.m */; };
		D9CC245625EA48DC9529108F /* CDVUIInAppBrowser.m in Sources */ = {isa = PBXBuildFile; fileRef = 9EF66F113B5340489DC62BF1 /* CDVUIInAppBrowser.m */; };
		BC5E206354284D2F86C746AC /* CDVWKInAppBrowser.m in Sources */ = {isa = PBXBuildFile; fileRef = C5AAE5711BB84F10BD636AC6 /* CDVWKInAppBrowser.m */; };
		F1DD3886B27A48F487B3A7C7 /* CDVWKInAppBrowserUIDelegate.m in Sources */ = {isa = PBXBuildFile; fileRef = 86BBFF13126F46D596EAE46E /* CDVWKInAppBrowserUIDelegate.m */; };
		722D75B7AFEC4A159BC95BB4 /* CDVLocation.m in Sources */ = {isa = PBXBuildFile; fileRef = A6D2B6D236DD482FB7F5A4BD /* CDVLocation.m */; };
		78BB0E469A474F0CAF4AB7F3 /* Diagnostic.m in Sources */ = {isa = PBXBuildFile; fileRef = E3F8897247C849DB92B3D1D2 /* Diagnostic.m */; };
		8397A69E02824F0A908696C4 /* Diagnostic_Location.m in Sources */ = {isa = PBXBuildFile; fileRef = E4AD2AF400E247798CAB21E0 /* Diagnostic_Location.m */; };
		1B2C83481D6E452BAA1B0C1C /* Diagnostic_Bluetooth.m in Sources */ = {isa = PBXBuildFile; fileRef = EC0C583DF67F471D914B862A /* Diagnostic_Bluetooth.m */; };
		84F35EF62F514C0D99A5FEB6 /* Diagnostic_Wifi.m in Sources */ = {isa = PBXBuildFile; fileRef = 900E6A933CAC46349215069F /* Diagnostic_Wifi.m */; };
		C911C2411455477799AC4352 /* Diagnostic_Camera.m in Sources */ = {isa = PBXBuildFile; fileRef = 8E804D07D7BC40848798FC94 /* Diagnostic_Camera.m */; };
		530E5B80D4D84BCEA1356C8F /* Diagnostic_Notifications.m in Sources */ = {isa = PBXBuildFile; fileRef = 36DDBE18AD204C5EB866010A /* Diagnostic_Notifications.m */; };
		864495F6033B442B809F4B81 /* Diagnostic_Microphone.m in Sources */ = {isa = PBXBuildFile; fileRef = E88D6D346E454FD9A3F4EE71 /* Diagnostic_Microphone.m */; };
		CC17D3BD4C6F409C8B5AB223 /* Diagnostic_Contacts.m in Sources */ = {isa = PBXBuildFile; fileRef = B22FF16274F44A2C97C70E20 /* Diagnostic_Contacts.m */; };
		CAD618128C5146669FBA9809 /* Diagnostic_Calendar.m in Sources */ = {isa = PBXBuildFile; fileRef = 894059BE863B4E85AB4BC0ED /* Diagnostic_Calendar.m */; };
		39CBAA34EF564C09B9B26014 /* Diagnostic_Reminders.m in Sources */ = {isa = PBXBuildFile; fileRef = 2D0E0C5ACAAA4074B458175B /* Diagnostic_Reminders.m */; };
		ACA4E68A3EC64BC7AA9BE914 /* Diagnostic_Motion.m in Sources */ = {isa = PBXBuildFile; fileRef = B40A2D628D654177AE406674 /* Diagnostic_Motion.m */; };
		C49B7DC24D414541BB9AFC31 /* CoreBluetooth.framework in Frameworks */ = {isa = PBXBuildFile; fileRef = A70CBDCFF7F84F8399B06A61 /* CoreBluetooth.framework */; };
		FB3EBE6E75F2426AB91F16A7 /* Photos.framework in Frameworks */ = {isa = PBXBuildFile; fileRef = BA908BB93AB849939C1B1919 /* Photos.framework */; };
		4FF63A103CF74A55B7EAA7FD /* UserNotifications.framework in Frameworks */ = {isa = PBXBuildFile; fileRef = 107B47498FDA4D4284B41122 /* UserNotifications.framework */; };
		3023B401C9CA4460BEBCB707 /* Contacts.framework in Frameworks */ = {isa = PBXBuildFile; fileRef = 01F495681DBC4062A9F62461 /* Contacts.framework */; };
		A0FFF3CFA2244C7D98167C93 /* AddressBook.framework in Frameworks */ = {isa = PBXBuildFile; fileRef = 5F98FA3B06DA4608BA204C90 /* AddressBook.framework */; };
		C670F5D75EEC4926935BC416 /* EventKit.framework in Frameworks */ = {isa = PBXBuildFile; fileRef = D10C09A8AEF344A5AD06DD0B /* EventKit.framework */; };
		CEAD84C261E04B1FA1E1B6FB /* CoreMotion.framework in Frameworks */ = {isa = PBXBuildFile; fileRef = 7D5D7957E02F427B92CEA09C /* CoreMotion.framework */; };
		4EA67EC9511243F3B6AA42F2 /* NativeSettings.m in Sources */ = {isa = PBXBuildFile; fileRef = 570B17DCA1BD4CE494A6AD03 /* NativeSettings.m */; };
/* End PBXBuildFile section */

/* Begin PBXContainerItemProxy section */
		301BF534109A57CC0062928A /* PBXContainerItemProxy */ = {
			isa = PBXContainerItemProxy;
			containerPortal = 301BF52D109A57CC0062928A /* CordovaLib.xcodeproj */;
			proxyType = 2;
			remoteGlobalIDString = D2AAC07E0554694100DB518D;
			remoteInfo = CordovaLib;
		};
		301BF550109A68C00062928A /* PBXContainerItemProxy */ = {
			isa = PBXContainerItemProxy;
			containerPortal = 301BF52D109A57CC0062928A /* CordovaLib.xcodeproj */;
			proxyType = 1;
			remoteGlobalIDString = D2AAC07D0554694100DB518D;
			remoteInfo = CordovaLib;
		};
		907D8123214C687600058A10 /* PBXContainerItemProxy */ = {
			isa = PBXContainerItemProxy;
			containerPortal = 301BF52D109A57CC0062928A /* CordovaLib.xcodeproj */;
			proxyType = 2;
			remoteGlobalIDString = C0C01EB21E3911D50056E6CB;
			remoteInfo = Cordova;
		};
/* End PBXContainerItemProxy section */

/* Begin PBXFileReference section */
		0207DA571B56EA530066E2B4 /* Images.xcassets */ = {isa = PBXFileReference; lastKnownFileType = folder.assetcatalog; name = Images.xcassets; path = "PPI POS/Images.xcassets"; sourceTree = SOURCE_ROOT; };
		1D3623240D0F684500981E51 /* AppDelegate.h */ = {isa = PBXFileReference; fileEncoding = 4; lastKnownFileType = sourcecode.c.h; path = AppDelegate.h; sourceTree = "<group>"; };
		1D3623250D0F684500981E51 /* AppDelegate.m */ = {isa = PBXFileReference; fileEncoding = 4; lastKnownFileType = sourcecode.c.objc; path = AppDelegate.m; sourceTree = "<group>"; };
		1D6058910D05DD3D006BFB54 /* PPI POS.app */ = {isa = PBXFileReference; explicitFileType = wrapper.application; includeInIndex = 0; path = "PPI POS.app"; sourceTree = BUILT_PRODUCTS_DIR; };
		29B97316FDCFA39411CA2CEA /* main.m */ = {isa = PBXFileReference; fileEncoding = 4; lastKnownFileType = sourcecode.c.objc; path = main.m; sourceTree = "<group>"; };
		301BF52D109A57CC0062928A /* CordovaLib.xcodeproj */ = {isa = PBXFileReference; lastKnownFileType = "wrapper.pb-project"; name = CordovaLib.xcodeproj; path = CordovaLib/CordovaLib.xcodeproj; sourceTree = "<group>"; };
		301BF56E109A69640062928A /* www */ = {isa = PBXFileReference; lastKnownFileType = folder; path = www; sourceTree = SOURCE_ROOT; };
		302D95EE14D2391D003F00A1 /* MainViewController.h */ = {isa = PBXFileReference; fileEncoding = 4; lastKnownFileType = sourcecode.c.h; path = MainViewController.h; sourceTree = "<group>"; };
		302D95EF14D2391D003F00A1 /* MainViewController.m */ = {isa = PBXFileReference; fileEncoding = 4; lastKnownFileType = sourcecode.c.objc; path = MainViewController.m; sourceTree = "<group>"; };
		302D95F014D2391D003F00A1 /* MainViewController.xib */ = {isa = PBXFileReference; fileEncoding = 4; lastKnownFileType = file.xib; path = MainViewController.xib; sourceTree = "<group>"; };
		3047A50F1AB8059700498E2A /* build-debug.xcconfig */ = {isa = PBXFileReference; fileEncoding = 4; lastKnownFileType = text.xcconfig; name = "build-debug.xcconfig"; path = "cordova/build-debug.xcconfig"; sourceTree = SOURCE_ROOT; };
		3047A5101AB8059700498E2A /* build-release.xcconfig */ = {isa = PBXFileReference; fileEncoding = 4; lastKnownFileType = text.xcconfig; name = "build-release.xcconfig"; path = "cordova/build-release.xcconfig"; sourceTree = SOURCE_ROOT; };
		3047A5111AB8059700498E2A /* build.xcconfig */ = {isa = PBXFileReference; fileEncoding = 4; lastKnownFileType = text.xcconfig; name = build.xcconfig; path = cordova/build.xcconfig; sourceTree = SOURCE_ROOT; };
		32CA4F630368D1EE00C91783 /* PPI POS-Prefix.pch */ = {isa = PBXFileReference; fileEncoding = 4; lastKnownFileType = sourcecode.c.h; path = "PPI POS-Prefix.pch"; sourceTree = "<group>"; };
		6AFF5BF81D6E424B00AB3073 /* CDVLaunchScreen.storyboard */ = {isa = PBXFileReference; fileEncoding = 4; lastKnownFileType = file.storyboard; name = CDVLaunchScreen.storyboard; path = "PPI POS/CDVLaunchScreen.storyboard"; sourceTree = SOURCE_ROOT; };
		8D1107310486CEB800E47090 /* PPI POS-Info.plist */ = {isa = PBXFileReference; fileEncoding = 4; lastKnownFileType = text.plist.xml; name = "PPI POS-Info.plist"; path = "PPI POS/PPI POS-Info.plist"; plistStructureDefinitionIdentifier = "com.apple.xcode.plist.structure-definition.iphone.info-plist"; sourceTree = SOURCE_ROOT; };
		EB87FDF31871DA8E0020F90C /* www */ = {isa = PBXFileReference; lastKnownFileType = folder; name = www; path = ../../www; sourceTree = "<group>"; };
		EB87FDF41871DAF40020F90C /* config.xml */ = {isa = PBXFileReference; lastKnownFileType = text.xml; name = config.xml; path = ../../config.xml; sourceTree = "<group>"; };
		ED33DF2A687741AEAF9F8254 /* Bridging-Header.h */ = {isa = PBXFileReference; fileEncoding = 4; lastKnownFileType = sourcecode.c.h; name = "Bridging-Header.h"; path = "Bridging-Header.h"; sourceTree = "<group>"; };
		F840E1F0165FE0F500CFE078 /* config.xml */ = {isa = PBXFileReference; lastKnownFileType = text.xml; name = config.xml; path = "PPI POS/config.xml"; sourceTree = "<group>"; };
		BC1C785578CE4A299061CC86 /* CDVStatusBar.m */ = {isa = PBXFileReference; name = "CDVStatusBar.m"; path = "cordova-plugin-statusbar/CDVStatusBar.m"; sourceTree = "<group>"; fileEncoding = 4; lastKnownFileType = sourcecode.c.objc; explicitFileType = undefined; includeInIndex = 0; };
		5DEE8B9F77224C508E7111BA /* CDVStatusBar.h */ = {isa = PBXFileReference; name = "CDVStatusBar.h"; path = "cordova-plugin-statusbar/CDVStatusBar.h"; sourceTree = "<group>"; fileEncoding = 4; lastKnownFileType = sourcecode.c.h; explicitFileType = undefined; includeInIndex = 0; };
		E5F7B60697A84250A6D5835F /* CDVDevice.m */ = {isa = PBXFileReference; name = "CDVDevice.m"; path = "cordova-plugin-device/CDVDevice.m"; sourceTree = "<group>"; fileEncoding = 4; lastKnownFileType = sourcecode.c.objc; explicitFileType = undefined; includeInIndex = 0; };
		9732E6FD93F54D00A87B8EA1 /* CDVDevice.h */ = {isa = PBXFileReference; name = "CDVDevice.h"; path = "cordova-plugin-device/CDVDevice.h"; sourceTree = "<group>"; fileEncoding = 4; lastKnownFileType = sourcecode.c.h; explicitFileType = undefined; includeInIndex = 0; };
		3EB3DD6021B646BD87F75711 /* CDVSplashScreen.m */ = {isa = PBXFileReference; name = "CDVSplashScreen.m"; path = "cordova-plugin-splashscreen/CDVSplashScreen.m"; sourceTree = "<group>"; fileEncoding = 4; lastKnownFileType = sourcecode.c.objc; explicitFileType = undefined; includeInIndex = 0; };
		F3E1D60D8CC44C57ABC3FABA /* CDVViewController+SplashScreen.m */ = {isa = PBXFileReference; name = "CDVViewController+SplashScreen.m"; path = "cordova-plugin-splashscreen/CDVViewController+SplashScreen.m"; sourceTree = "<group>"; fileEncoding = 4; lastKnownFileType = sourcecode.c.objc; explicitFileType = undefined; includeInIndex = 0; };
		E52052C0101742E285D5C503 /* CDVSplashScreen.h */ = {isa = PBXFileReference; name = "CDVSplashScreen.h"; path = "cordova-plugin-splashscreen/CDVSplashScreen.h"; sourceTree = "<group>"; fileEncoding = 4; lastKnownFileType = sourcecode.c.h; explicitFileType = undefined; includeInIndex = 0; };
		E2123F8D46DF474EB77F7B5A /* CDVViewController+SplashScreen.h */ = {isa = PBXFileReference; name = "CDVViewController+SplashScreen.h"; path = "cordova-plugin-splashscreen/CDVViewController+SplashScreen.h"; sourceTree = "<group>"; fileEncoding = 4; lastKnownFileType = sourcecode.c.h; explicitFileType = undefined; includeInIndex = 0; };
		7A44AC25FD9D4BEEBE86D922 /* CDVWKWebViewEngine.m */ = {isa = PBXFileReference; name = "CDVWKWebViewEngine.m"; path = "cordova-plugin-ionic-webview/CDVWKWebViewEngine.m"; sourceTree = "<group>"; fileEncoding = 4; lastKnownFileType = sourcecode.c.objc; explicitFileType = undefined; includeInIndex = 0; };
		74BFF3563D6A4AF7BA425A8E /* CDVWKWebViewUIDelegate.m */ = {isa = PBXFileReference; name = "CDVWKWebViewUIDelegate.m"; path = "cordova-plugin-ionic-webview/CDVWKWebViewUIDelegate.m"; sourceTree = "<group>"; fileEncoding = 4; lastKnownFileType = sourcecode.c.objc; explicitFileType = undefined; includeInIndex = 0; };
		D3D9A6E667B34F0281CE501E /* CDVWKProcessPoolFactory.m */ = {isa = PBXFileReference; name = "CDVWKProcessPoolFactory.m"; path = "cordova-plugin-ionic-webview/CDVWKProcessPoolFactory.m"; sourceTree = "<group>"; fileEncoding = 4; lastKnownFileType = sourcecode.c.objc; explicitFileType = undefined; includeInIndex = 0; };
		226B8CF51F244BB2829F985F /* IONAssetHandler.m */ = {isa = PBXFileReference; name = "IONAssetHandler.m"; path = "cordova-plugin-ionic-webview/IONAssetHandler.m"; sourceTree = "<group>"; fileEncoding = 4; lastKnownFileType = sourcecode.c.objc; explicitFileType = undefined; includeInIndex = 0; };
		2A25159213224D1EA8F43ED3 /* CDVWKWebViewEngine.h */ = {isa = PBXFileReference; name = "CDVWKWebViewEngine.h"; path = "cordova-plugin-ionic-webview/CDVWKWebViewEngine.h"; sourceTree = "<group>"; fileEncoding = 4; lastKnownFileType = sourcecode.c.h; explicitFileType = undefined; includeInIndex = 0; };
		34E0C3C8F42646218C5E888C /* CDVWKWebViewUIDelegate.h */ = {isa = PBXFileReference; name = "CDVWKWebViewUIDelegate.h"; path = "cordova-plugin-ionic-webview/CDVWKWebViewUIDelegate.h"; sourceTree = "<group>"; fileEncoding = 4; lastKnownFileType = sourcecode.c.h; explicitFileType = undefined; includeInIndex = 0; };
		6A463D93F2F24FAA9588F338 /* CDVWKProcessPoolFactory.h */ = {isa = PBXFileReference; name = "CDVWKProcessPoolFactory.h"; path = "cordova-plugin-ionic-webview/CDVWKProcessPoolFactory.h"; sourceTree = "<group>"; fileEncoding = 4; lastKnownFileType = sourcecode.c.h; explicitFileType = undefined; includeInIndex = 0; };
		D79D88E8DE3F459E80029FA4 /* IONAssetHandler.h */ = {isa = PBXFileReference; name = "IONAssetHandler.h"; path = "cordova-plugin-ionic-webview/IONAssetHandler.h"; sourceTree = "<group>"; fileEncoding = 4; lastKnownFileType = sourcecode.c.h; explicitFileType = undefined; includeInIndex = 0; };
		CA6966A82C2A49E39DF0FD5A /* WebKit.framework */ = {isa = PBXFileReference; name = "WebKit.framework"; path = "System/Library/Frameworks/WebKit.framework"; sourceTree = SDKROOT; fileEncoding = undefined; lastKnownFileType = wrapper.framework; explicitFileType = undefined; includeInIndex = 0; };
		9CD3EAE234AF476C9E999454 /* CDVIonicKeyboard.m */ = {isa = PBXFileReference; name = "CDVIonicKeyboard.m"; path = "cordova-plugin-ionic-keyboard/CDVIonicKeyboard.m"; sourceTree = "<group>"; fileEncoding = 4; lastKnownFileType = sourcecode.c.objc; explicitFileType = undefined; includeInIndex = 0; };
		FF243D9FA382437085CE91B9 /* CDVIonicKeyboard.h */ = {isa = PBXFileReference; name = "CDVIonicKeyboard.h"; path = "cordova-plugin-ionic-keyboard/CDVIonicKeyboard.h"; sourceTree = "<group>"; fileEncoding = 4; lastKnownFileType = sourcecode.c.h; explicitFileType = undefined; includeInIndex = 0; };
		71EAB0A669CA4C498DE35FBF /* DatePicker.m */ = {isa = PBXFileReference; name = "DatePicker.m"; path = "cordova-plugin-datepicker/DatePicker.m"; sourceTree = "<group>"; fileEncoding = 4; lastKnownFileType = sourcecode.c.objc; explicitFileType = undefined; includeInIndex = 0; };
		D70AF11986BE45A4A548F12C /* DatePicker.h */ = {isa = PBXFileReference; name = "DatePicker.h"; path = "cordova-plugin-datepicker/DatePicker.h"; sourceTree = "<group>"; fileEncoding = 4; lastKnownFileType = sourcecode.c.h; explicitFileType = undefined; includeInIndex = 0; };
		1DC4189C60F9499DB26EDEDB /* DatePicker.xib */ = {isa = PBXFileReference; name = "DatePicker.xib"; path = "DatePicker.xib"; sourceTree = "<group>"; fileEncoding = undefined; lastKnownFileType = file.xib; explicitFileType = undefined; includeInIndex = 0; };
		DEFB9E696EF248E7AA6ECF80 /* UIImage+CropScaleOrientation.m */ = {isa = PBXFileReference; name = "UIImage+CropScaleOrientation.m"; path = "cordova-plugin-camera/UIImage+CropScaleOrientation.m"; sourceTree = "<group>"; fileEncoding = 4; lastKnownFileType = sourcecode.c.objc; explicitFileType = undefined; includeInIndex = 0; };
		12AEC6BBBD434D2597EBA887 /* CDVCamera.m */ = {isa = PBXFileReference; name = "CDVCamera.m"; path = "cordova-plugin-camera/CDVCamera.m"; sourceTree = "<group>"; fileEncoding = 4; lastKnownFileType = sourcecode.c.objc; explicitFileType = undefined; includeInIndex = 0; };
		FB024A08C66B492386D6D323 /* CDVJpegHeaderWriter.m */ = {isa = PBXFileReference; name = "CDVJpegHeaderWriter.m"; path = "cordova-plugin-camera/CDVJpegHeaderWriter.m"; sourceTree = "<group>"; fileEncoding = 4; lastKnownFileType = sourcecode.c.objc; explicitFileType = undefined; includeInIndex = 0; };
		2A7EBC953D384EBD83796E16 /* UIImage+CropScaleOrientation.h */ = {isa = PBXFileReference; name = "UIImage+CropScaleOrientation.h"; path = "cordova-plugin-camera/UIImage+CropScaleOrientation.h"; sourceTree = "<group>"; fileEncoding = 4; lastKnownFileType = sourcecode.c.h; explicitFileType = undefined; includeInIndex = 0; };
		1DC3824A5DA7453CA9407F75 /* CDVCamera.h */ = {isa = PBXFileReference; name = "CDVCamera.h"; path = "cordova-plugin-camera/CDVCamera.h"; sourceTree = "<group>"; fileEncoding = 4; lastKnownFileType = sourcecode.c.h; explicitFileType = undefined; includeInIndex = 0; };
		9BAC8349B42E4472A1D15BCA /* CDVJpegHeaderWriter.h */ = {isa = PBXFileReference; name = "CDVJpegHeaderWriter.h"; path = "cordova-plugin-camera/CDVJpegHeaderWriter.h"; sourceTree = "<group>"; fileEncoding = 4; lastKnownFileType = sourcecode.c.h; explicitFileType = undefined; includeInIndex = 0; };
		B0F340D93DC64CCE8CC287B6 /* CDVExif.h */ = {isa = PBXFileReference; name = "CDVExif.h"; path = "cordova-plugin-camera/CDVExif.h"; sourceTree = "<group>"; fileEncoding = 4; lastKnownFileType = sourcecode.c.h; explicitFileType = undefined; includeInIndex = 0; };
		A384E07C6543475080C71C85 /* ImageIO.framework */ = {isa = PBXFileReference; name = "ImageIO.framework"; path = "System/Library/Frameworks/ImageIO.framework"; sourceTree = SDKROOT; fileEncoding = undefined; lastKnownFileType = wrapper.framework; explicitFileType = undefined; includeInIndex = 0; };
		DB4D6D9357F6476CB8AC8D06 /* CoreLocation.framework */ = {isa = PBXFileReference; name = "CoreLocation.framework"; path = "System/Library/Frameworks/CoreLocation.framework"; sourceTree = SDKROOT; fileEncoding = undefined; lastKnownFileType = wrapper.framework; explicitFileType = undefined; includeInIndex = 0; };
		47235FB77FB646829E16C540 /* AVFoundation.framework */ = {isa = PBXFileReference; name = "AVFoundation.framework"; path = "System/Library/Frameworks/AVFoundation.framework"; sourceTree = SDKROOT; fileEncoding = undefined; lastKnownFileType = wrapper.framework; explicitFileType = undefined; includeInIndex = 0; };
		EB6843DC20EE4D23BB327411 /* CDVFile.m */ = {isa = PBXFileReference; name = "CDVFile.m"; path = "cordova-plugin-file/CDVFile.m"; sourceTree = "<group>"; fileEncoding = 4; lastKnownFileType = sourcecode.c.objc; explicitFileType = undefined; includeInIndex = 0; };
		C4791F0236A94D079E258BF9 /* CDVLocalFilesystem.m */ = {isa = PBXFileReference; name = "CDVLocalFilesystem.m"; path = "cordova-plugin-file/CDVLocalFilesystem.m"; sourceTree = "<group>"; fileEncoding = 4; lastKnownFileType = sourcecode.c.objc; explicitFileType = undefined; includeInIndex = 0; };
		E23B7A3819874E54B32F83AD /* CDVAssetLibraryFilesystem.m */ = {isa = PBXFileReference; name = "CDVAssetLibraryFilesystem.m"; path = "cordova-plugin-file/CDVAssetLibraryFilesystem.m"; sourceTree = "<group>"; fileEncoding = 4; lastKnownFileType = sourcecode.c.objc; explicitFileType = undefined; includeInIndex = 0; };
		9FCAF82ADF254350B9F8C55A /* CDVFile.h */ = {isa = PBXFileReference; name = "CDVFile.h"; path = "cordova-plugin-file/CDVFile.h"; sourceTree = "<group>"; fileEncoding = 4; lastKnownFileType = sourcecode.c.h; explicitFileType = undefined; includeInIndex = 0; };
		DEC6C0861AD44DE0BAC06341 /* CDVLocalFilesystem.h */ = {isa = PBXFileReference; name = "CDVLocalFilesystem.h"; path = "cordova-plugin-file/CDVLocalFilesystem.h"; sourceTree = "<group>"; fileEncoding = 4; lastKnownFileType = sourcecode.c.h; explicitFileType = undefined; includeInIndex = 0; };
		5A09E7D919B341D1910FA001 /* CDVAssetLibraryFilesystem.h */ = {isa = PBXFileReference; name = "CDVAssetLibraryFilesystem.h"; path = "cordova-plugin-file/CDVAssetLibraryFilesystem.h"; sourceTree = "<group>"; fileEncoding = 4; lastKnownFileType = sourcecode.c.h; explicitFileType = undefined; includeInIndex = 0; };
		30377C643CF043CE857B4F98 /* CDVFileTransfer.m */ = {isa = PBXFileReference; name = "CDVFileTransfer.m"; path = "cordova-plugin-file-transfer/CDVFileTransfer.m"; sourceTree = "<group>"; fileEncoding = 4; lastKnownFileType = sourcecode.c.objc; explicitFileType = undefined; includeInIndex = 0; };
		7D4B46B65BCD4253B4118A41 /* CDVFileTransfer.h */ = {isa = PBXFileReference; name = "CDVFileTransfer.h"; path = "cordova-plugin-file-transfer/CDVFileTransfer.h"; sourceTree = "<group>"; fileEncoding = 4; lastKnownFileType = sourcecode.c.h; explicitFileType = undefined; includeInIndex = 0; };
		DFC617EFDFEE491F8A03CC57 /* CDVInAppBrowser.m */ = {isa = PBXFileReference; name = "CDVInAppBrowser.m"; path = "cordova-plugin-inappbrowser/CDVInAppBrowser.m"; sourceTree = "<group>"; fileEncoding = 4; lastKnownFileType = sourcecode.c.objc; explicitFileType = undefined; includeInIndex = 0; };
		A27BAB2C741642CCA52B63B5 /* CDVInAppBrowserOptions.m */ = {isa = PBXFileReference; name = "CDVInAppBrowserOptions.m"; path = "cordova-plugin-inappbrowser/CDVInAppBrowserOptions.m"; sourceTree = "<group>"; fileEncoding = 4; lastKnownFileType = sourcecode.c.objc; explicitFileType = undefined; includeInIndex = 0; };
		95BD35EB5F874B83AED8D976 /* CDVInAppBrowserNavigationController.m */ = {isa = PBXFileReference; name = "CDVInAppBrowserNavigationController.m"; path = "cordova-plugin-inappbrowser/CDVInAppBrowserNavigationController.m"; sourceTree = "<group>"; fileEncoding = 4; lastKnownFileType = sourcecode.c.objc; explicitFileType = undefined; includeInIndex = 0; };
		9EF66F113B5340489DC62BF1 /* CDVUIInAppBrowser.m */ = {isa = PBXFileReference; name = "CDVUIInAppBrowser.m"; path = "cordova-plugin-inappbrowser/CDVUIInAppBrowser.m"; sourceTree = "<group>"; fileEncoding = 4; lastKnownFileType = sourcecode.c.objc; explicitFileType = undefined; includeInIndex = 0; };
		C5AAE5711BB84F10BD636AC6 /* CDVWKInAppBrowser.m */ = {isa = PBXFileReference; name = "CDVWKInAppBrowser.m"; path = "cordova-plugin-inappbrowser/CDVWKInAppBrowser.m"; sourceTree = "<group>"; fileEncoding = 4; lastKnownFileType = sourcecode.c.objc; explicitFileType = undefined; includeInIndex = 0; };
		86BBFF13126F46D596EAE46E /* CDVWKInAppBrowserUIDelegate.m */ = {isa = PBXFileReference; name = "CDVWKInAppBrowserUIDelegate.m"; path = "cordova-plugin-inappbrowser/CDVWKInAppBrowserUIDelegate.m"; sourceTree = "<group>"; fileEncoding = 4; lastKnownFileType = sourcecode.c.objc; explicitFileType = undefined; includeInIndex = 0; };
		4573D32184024391926BA4E1 /* CDVInAppBrowser.h */ = {isa = PBXFileReference; name = "CDVInAppBrowser.h"; path = "cordova-plugin-inappbrowser/CDVInAppBrowser.h"; sourceTree = "<group>"; fileEncoding = 4; lastKnownFileType = sourcecode.c.h; explicitFileType = undefined; includeInIndex = 0; };
		CB203E4D450A450295F787FF /* CDVInAppBrowserOptions.h */ = {isa = PBXFileReference; name = "CDVInAppBrowserOptions.h"; path = "cordova-plugin-inappbrowser/CDVInAppBrowserOptions.h"; sourceTree = "<group>"; fileEncoding = 4; lastKnownFileType = sourcecode.c.h; explicitFileType = undefined; includeInIndex = 0; };
		89091F169155488AB5423AF0 /* CDVInAppBrowserNavigationController.h */ = {isa = PBXFileReference; name = "CDVInAppBrowserNavigationController.h"; path = "cordova-plugin-inappbrowser/CDVInAppBrowserNavigationController.h"; sourceTree = "<group>"; fileEncoding = 4; lastKnownFileType = sourcecode.c.h; explicitFileType = undefined; includeInIndex = 0; };
		4621005DADB94214AEB710A3 /* CDVUIInAppBrowser.h */ = {isa = PBXFileReference; name = "CDVUIInAppBrowser.h"; path = "cordova-plugin-inappbrowser/CDVUIInAppBrowser.h"; sourceTree = "<group>"; fileEncoding = 4; lastKnownFileType = sourcecode.c.h; explicitFileType = undefined; includeInIndex = 0; };
		C287750B540448349716EFD2 /* CDVWKInAppBrowser.h */ = {isa = PBXFileReference; name = "CDVWKInAppBrowser.h"; path = "cordova-plugin-inappbrowser/CDVWKInAppBrowser.h"; sourceTree = "<group>"; fileEncoding = 4; lastKnownFileType = sourcecode.c.h; explicitFileType = undefined; includeInIndex = 0; };
		6925818D3C104EAF8FE73E33 /* CDVWKInAppBrowserUIDelegate.h */ = {isa = PBXFileReference; name = "CDVWKInAppBrowserUIDelegate.h"; path = "cordova-plugin-inappbrowser/CDVWKInAppBrowserUIDelegate.h"; sourceTree = "<group>"; fileEncoding = 4; lastKnownFileType = sourcecode.c.h; explicitFileType = undefined; includeInIndex = 0; };
		A6D2B6D236DD482FB7F5A4BD /* CDVLocation.m */ = {isa = PBXFileReference; name = "CDVLocation.m"; path = "cordova-plugin-geolocation/CDVLocation.m"; sourceTree = "<group>"; fileEncoding = 4; lastKnownFileType = sourcecode.c.objc; explicitFileType = undefined; includeInIndex = 0; };
		61D2EEB9ECB648B6BC030817 /* CDVLocation.h */ = {isa = PBXFileReference; name = "CDVLocation.h"; path = "cordova-plugin-geolocation/CDVLocation.h"; sourceTree = "<group>"; fileEncoding = 4; lastKnownFileType = sourcecode.c.h; explicitFileType = undefined; includeInIndex = 0; };
		E3F8897247C849DB92B3D1D2 /* Diagnostic.m */ = {isa = PBXFileReference; name = "Diagnostic.m"; path = "cordova.plugins.diagnostic/Diagnostic.m"; sourceTree = "<group>"; fileEncoding = 4; lastKnownFileType = sourcecode.c.objc; explicitFileType = undefined; includeInIndex = 0; };
		E4AD2AF400E247798CAB21E0 /* Diagnostic_Location.m */ = {isa = PBXFileReference; name = "Diagnostic_Location.m"; path = "cordova.plugins.diagnostic/Diagnostic_Location.m"; sourceTree = "<group>"; fileEncoding = 4; lastKnownFileType = sourcecode.c.objc; explicitFileType = undefined; includeInIndex = 0; };
		EC0C583DF67F471D914B862A /* Diagnostic_Bluetooth.m */ = {isa = PBXFileReference; name = "Diagnostic_Bluetooth.m"; path = "cordova.plugins.diagnostic/Diagnostic_Bluetooth.m"; sourceTree = "<group>"; fileEncoding = 4; lastKnownFileType = sourcecode.c.objc; explicitFileType = undefined; includeInIndex = 0; };
		900E6A933CAC46349215069F /* Diagnostic_Wifi.m */ = {isa = PBXFileReference; name = "Diagnostic_Wifi.m"; path = "cordova.plugins.diagnostic/Diagnostic_Wifi.m"; sourceTree = "<group>"; fileEncoding = 4; lastKnownFileType = sourcecode.c.objc; explicitFileType = undefined; includeInIndex = 0; };
		8E804D07D7BC40848798FC94 /* Diagnostic_Camera.m */ = {isa = PBXFileReference; name = "Diagnostic_Camera.m"; path = "cordova.plugins.diagnostic/Diagnostic_Camera.m"; sourceTree = "<group>"; fileEncoding = 4; lastKnownFileType = sourcecode.c.objc; explicitFileType = undefined; includeInIndex = 0; };
		36DDBE18AD204C5EB866010A /* Diagnostic_Notifications.m */ = {isa = PBXFileReference; name = "Diagnostic_Notifications.m"; path = "cordova.plugins.diagnostic/Diagnostic_Notifications.m"; sourceTree = "<group>"; fileEncoding = 4; lastKnownFileType = sourcecode.c.objc; explicitFileType = undefined; includeInIndex = 0; };
		E88D6D346E454FD9A3F4EE71 /* Diagnostic_Microphone.m */ = {isa = PBXFileReference; name = "Diagnostic_Microphone.m"; path = "cordova.plugins.diagnostic/Diagnostic_Microphone.m"; sourceTree = "<group>"; fileEncoding = 4; lastKnownFileType = sourcecode.c.objc; explicitFileType = undefined; includeInIndex = 0; };
		B22FF16274F44A2C97C70E20 /* Diagnostic_Contacts.m */ = {isa = PBXFileReference; name = "Diagnostic_Contacts.m"; path = "cordova.plugins.diagnostic/Diagnostic_Contacts.m"; sourceTree = "<group>"; fileEncoding = 4; lastKnownFileType = sourcecode.c.objc; explicitFileType = undefined; includeInIndex = 0; };
		894059BE863B4E85AB4BC0ED /* Diagnostic_Calendar.m */ = {isa = PBXFileReference; name = "Diagnostic_Calendar.m"; path = "cordova.plugins.diagnostic/Diagnostic_Calendar.m"; sourceTree = "<group>"; fileEncoding = 4; lastKnownFileType = sourcecode.c.objc; explicitFileType = undefined; includeInIndex = 0; };
		2D0E0C5ACAAA4074B458175B /* Diagnostic_Reminders.m */ = {isa = PBXFileReference; name = "Diagnostic_Reminders.m"; path = "cordova.plugins.diagnostic/Diagnostic_Reminders.m"; sourceTree = "<group>"; fileEncoding = 4; lastKnownFileType = sourcecode.c.objc; explicitFileType = undefined; includeInIndex = 0; };
		B40A2D628D654177AE406674 /* Diagnostic_Motion.m */ = {isa = PBXFileReference; name = "Diagnostic_Motion.m"; path = "cordova.plugins.diagnostic/Diagnostic_Motion.m"; sourceTree = "<group>"; fileEncoding = 4; lastKnownFileType = sourcecode.c.objc; explicitFileType = undefined; includeInIndex = 0; };
		E5F99900496441BEA5C435FC /* Diagnostic.h */ = {isa = PBXFileReference; name = "Diagnostic.h"; path = "cordova.plugins.diagnostic/Diagnostic.h"; sourceTree = "<group>"; fileEncoding = 4; lastKnownFileType = sourcecode.c.h; explicitFileType = undefined; includeInIndex = 0; };
		0A10D38F3B824A1E881B6AD7 /* Diagnostic_Location.h */ = {isa = PBXFileReference; name = "Diagnostic_Location.h"; path = "cordova.plugins.diagnostic/Diagnostic_Location.h"; sourceTree = "<group>"; fileEncoding = 4; lastKnownFileType = sourcecode.c.h; explicitFileType = undefined; includeInIndex = 0; };
		0EB7B770BA9D43358CB1FAC8 /* Diagnostic_Bluetooth.h */ = {isa = PBXFileReference; name = "Diagnostic_Bluetooth.h"; path = "cordova.plugins.diagnostic/Diagnostic_Bluetooth.h"; sourceTree = "<group>"; fileEncoding = 4; lastKnownFileType = sourcecode.c.h; explicitFileType = undefined; includeInIndex = 0; };
		FF8F0500B6344BB89AE8978B /* Diagnostic_Wifi.h */ = {isa = PBXFileReference; name = "Diagnostic_Wifi.h"; path = "cordova.plugins.diagnostic/Diagnostic_Wifi.h"; sourceTree = "<group>"; fileEncoding = 4; lastKnownFileType = sourcecode.c.h; explicitFileType = undefined; includeInIndex = 0; };
		1E13B112177744DB9F18C40C /* Diagnostic_Camera.h */ = {isa = PBXFileReference; name = "Diagnostic_Camera.h"; path = "cordova.plugins.diagnostic/Diagnostic_Camera.h"; sourceTree = "<group>"; fileEncoding = 4; lastKnownFileType = sourcecode.c.h; explicitFileType = undefined; includeInIndex = 0; };
		53539875231A434B98BA7680 /* Diagnostic_Notifications.h */ = {isa = PBXFileReference; name = "Diagnostic_Notifications.h"; path = "cordova.plugins.diagnostic/Diagnostic_Notifications.h"; sourceTree = "<group>"; fileEncoding = 4; lastKnownFileType = sourcecode.c.h; explicitFileType = undefined; includeInIndex = 0; };
		A56D2F5F129940AEA1653EDB /* Diagnostic_Microphone.h */ = {isa = PBXFileReference; name = "Diagnostic_Microphone.h"; path = "cordova.plugins.diagnostic/Diagnostic_Microphone.h"; sourceTree = "<group>"; fileEncoding = 4; lastKnownFileType = sourcecode.c.h; explicitFileType = undefined; includeInIndex = 0; };
		51A20B382E6E40319667EBC4 /* Diagnostic_Contacts.h */ = {isa = PBXFileReference; name = "Diagnostic_Contacts.h"; path = "cordova.plugins.diagnostic/Diagnostic_Contacts.h"; sourceTree = "<group>"; fileEncoding = 4; lastKnownFileType = sourcecode.c.h; explicitFileType = undefined; includeInIndex = 0; };
		0C228A0FF6414BC796F354A3 /* Diagnostic_Calendar.h */ = {isa = PBXFileReference; name = "Diagnostic_Calendar.h"; path = "cordova.plugins.diagnostic/Diagnostic_Calendar.h"; sourceTree = "<group>"; fileEncoding = 4; lastKnownFileType = sourcecode.c.h; explicitFileType = undefined; includeInIndex = 0; };
		8F8426B63C04471C9F35BBEE /* Diagnostic_Reminders.h */ = {isa = PBXFileReference; name = "Diagnostic_Reminders.h"; path = "cordova.plugins.diagnostic/Diagnostic_Reminders.h"; sourceTree = "<group>"; fileEncoding = 4; lastKnownFileType = sourcecode.c.h; explicitFileType = undefined; includeInIndex = 0; };
		B151D6C9EC9F4741ACF27D28 /* Diagnostic_Motion.h */ = {isa = PBXFileReference; name = "Diagnostic_Motion.h"; path = "cordova.plugins.diagnostic/Diagnostic_Motion.h"; sourceTree = "<group>"; fileEncoding = 4; lastKnownFileType = sourcecode.c.h; explicitFileType = undefined; includeInIndex = 0; };
		A70CBDCFF7F84F8399B06A61 /* CoreBluetooth.framework */ = {isa = PBXFileReference; name = "CoreBluetooth.framework"; path = "System/Library/Frameworks/CoreBluetooth.framework"; sourceTree = SDKROOT; fileEncoding = undefined; lastKnownFileType = wrapper.framework; explicitFileType = undefined; includeInIndex = 0; };
		BA908BB93AB849939C1B1919 /* Photos.framework */ = {isa = PBXFileReference; name = "Photos.framework"; path = "System/Library/Frameworks/Photos.framework"; sourceTree = SDKROOT; fileEncoding = undefined; lastKnownFileType = wrapper.framework; explicitFileType = undefined; includeInIndex = 0; };
		107B47498FDA4D4284B41122 /* UserNotifications.framework */ = {isa = PBXFileReference; name = "UserNotifications.framework"; path = "System/Library/Frameworks/UserNotifications.framework"; sourceTree = SDKROOT; fileEncoding = undefined; lastKnownFileType = wrapper.framework; explicitFileType = undefined; includeInIndex = 0; };
		01F495681DBC4062A9F62461 /* Contacts.framework */ = {isa = PBXFileReference; name = "Contacts.framework"; path = "System/Library/Frameworks/Contacts.framework"; sourceTree = SDKROOT; fileEncoding = undefined; lastKnownFileType = wrapper.framework; explicitFileType = undefined; includeInIndex = 0; };
		5F98FA3B06DA4608BA204C90 /* AddressBook.framework */ = {isa = PBXFileReference; name = "AddressBook.framework"; path = "System/Library/Frameworks/AddressBook.framework"; sourceTree = SDKROOT; fileEncoding = undefined; lastKnownFileType = wrapper.framework; explicitFileType = undefined; includeInIndex = 0; };
		D10C09A8AEF344A5AD06DD0B /* EventKit.framework */ = {isa = PBXFileReference; name = "EventKit.framework"; path = "System/Library/Frameworks/EventKit.framework"; sourceTree = SDKROOT; fileEncoding = undefined; lastKnownFileType = wrapper.framework; explicitFileType = undefined; includeInIndex = 0; };
		7D5D7957E02F427B92CEA09C /* CoreMotion.framework */ = {isa = PBXFileReference; name = "CoreMotion.framework"; path = "System/Library/Frameworks/CoreMotion.framework"; sourceTree = SDKROOT; fileEncoding = undefined; lastKnownFileType = wrapper.framework; explicitFileType = undefined; includeInIndex = 0; };
		570B17DCA1BD4CE494A6AD03 /* NativeSettings.m */ = {isa = PBXFileReference; name = "NativeSettings.m"; path = "cordova-open-native-settings/NativeSettings.m"; sourceTree = "<group>"; fileEncoding = 4; lastKnownFileType = sourcecode.c.objc; explicitFileType = undefined; includeInIndex = 0; };
		750C252D6C23486DADB22043 /* NativeSettings.h */ = {isa = PBXFileReference; name = "NativeSettings.h"; path = "cordova-open-native-settings/NativeSettings.h"; sourceTree = "<group>"; fileEncoding = 4; lastKnownFileType = sourcecode.c.h; explicitFileType = undefined; includeInIndex = 0; };
/* End PBXFileReference section */

/* Begin PBXFrameworksBuildPhase section */
		1D60588F0D05DD3D006BFB54 /* Frameworks */ = {
			isa = PBXFrameworksBuildPhase;
			buildActionMask = 2147483647;
			files = (
				301BF552109A68D80062928A /* libCordova.a in Frameworks */,
				2A9ADCC2CB7746959AA94147 /* WebKit.framework in Frameworks */,
				6DFC80C339BB47038BC1EB75 /* ImageIO.framework in Frameworks */,
				BD8CF005DBDF41B58493861E /* CoreLocation.framework in Frameworks */,
				45C25FA10B6847A78C6871B5 /* AVFoundation.framework in Frameworks */,
				C49B7DC24D414541BB9AFC31 /* CoreBluetooth.framework in Frameworks */,
				FB3EBE6E75F2426AB91F16A7 /* Photos.framework in Frameworks */,
				4FF63A103CF74A55B7EAA7FD /* UserNotifications.framework in Frameworks */,
				3023B401C9CA4460BEBCB707 /* Contacts.framework in Frameworks */,
				A0FFF3CFA2244C7D98167C93 /* AddressBook.framework in Frameworks */,
				C670F5D75EEC4926935BC416 /* EventKit.framework in Frameworks */,
				CEAD84C261E04B1FA1E1B6FB /* CoreMotion.framework in Frameworks */,
			);
			runOnlyForDeploymentPostprocessing = 0;
		};
/* End PBXFrameworksBuildPhase section */

/* Begin PBXGroup section */
		080E96DDFE201D6D7F000001 /* Classes */ = {
			isa = PBXGroup;
			children = (
				302D95EE14D2391D003F00A1 /* MainViewController.h */,
				302D95EF14D2391D003F00A1 /* MainViewController.m */,
				302D95F014D2391D003F00A1 /* MainViewController.xib */,
				1D3623240D0F684500981E51 /* AppDelegate.h */,
				1D3623250D0F684500981E51 /* AppDelegate.m */,
			);
			name = Classes;
			path = "PPI POS/Classes";
			sourceTree = SOURCE_ROOT;
		};
		19C28FACFE9D520D11CA2CBB /* Products */ = {
			isa = PBXGroup;
			children = (
				1D6058910D05DD3D006BFB54 /* PPI POS.app */,
			);
			name = Products;
			sourceTree = "<group>";
		};
		29B97314FDCFA39411CA2CEA /* CustomTemplate */ = {
			isa = PBXGroup;
			children = (
				EB87FDF41871DAF40020F90C /* config.xml */,
				EB87FDF31871DA8E0020F90C /* www */,
				EB87FDF11871DA420020F90C /* Staging */,
				301BF52D109A57CC0062928A /* CordovaLib.xcodeproj */,
				080E96DDFE201D6D7F000001 /* Classes */,
				307C750510C5A3420062BCA9 /* Plugins */,
				29B97315FDCFA39411CA2CEA /* Other Sources */,
				29B97317FDCFA39411CA2CEA /* Resources */,
				29B97323FDCFA39411CA2CEA /* Frameworks */,
				19C28FACFE9D520D11CA2CBB /* Products */,
			);
			name = CustomTemplate;
			sourceTree = "<group>";
		};
		29B97315FDCFA39411CA2CEA /* Other Sources */ = {
			isa = PBXGroup;
			children = (
				32CA4F630368D1EE00C91783 /* PPI POS-Prefix.pch */,
				29B97316FDCFA39411CA2CEA /* main.m */,
				ED33DF2A687741AEAF9F8254 /* Bridging-Header.h */,
			);
			name = "Other Sources";
			path = "PPI POS";
			sourceTree = "<group>";
		};
		29B97317FDCFA39411CA2CEA /* Resources */ = {
			isa = PBXGroup;
			children = (
				0207DA571B56EA530066E2B4 /* Images.xcassets */,
				3047A50E1AB8057F00498E2A /* config */,
				8D1107310486CEB800E47090 /* PPI POS-Info.plist */,
				6AFF5BF81D6E424B00AB3073 /* CDVLaunchScreen.storyboard */,
				1DC4189C60F9499DB26EDEDB /* DatePicker.xib */,
			);
			name = Resources;
			path = "PPI POS/Resources";
			sourceTree = "<group>";
		};
		29B97323FDCFA39411CA2CEA /* Frameworks */ = {
			isa = PBXGroup;
			children = (
				CA6966A82C2A49E39DF0FD5A /* WebKit.framework */,
				A384E07C6543475080C71C85 /* ImageIO.framework */,
				DB4D6D9357F6476CB8AC8D06 /* CoreLocation.framework */,
				47235FB77FB646829E16C540 /* AVFoundation.framework */,
				A70CBDCFF7F84F8399B06A61 /* CoreBluetooth.framework */,
				BA908BB93AB849939C1B1919 /* Photos.framework */,
				107B47498FDA4D4284B41122 /* UserNotifications.framework */,
				01F495681DBC4062A9F62461 /* Contacts.framework */,
				5F98FA3B06DA4608BA204C90 /* AddressBook.framework */,
				D10C09A8AEF344A5AD06DD0B /* EventKit.framework */,
				7D5D7957E02F427B92CEA09C /* CoreMotion.framework */,
			);
			name = Frameworks;
			sourceTree = "<group>";
		};
		301BF52E109A57CC0062928A /* Products */ = {
			isa = PBXGroup;
			children = (
				301BF535109A57CC0062928A /* libCordova.a */,
				907D8124214C687600058A10 /* Cordova.framework */,
			);
			name = Products;
			sourceTree = "<group>";
		};
		3047A50E1AB8057F00498E2A /* config */ = {
			isa = PBXGroup;
			children = (
				3047A50F1AB8059700498E2A /* build-debug.xcconfig */,
				3047A5101AB8059700498E2A /* build-release.xcconfig */,
				3047A5111AB8059700498E2A /* build.xcconfig */,
			);
			name = config;
			sourceTree = "<group>";
		};
		307C750510C5A3420062BCA9 /* Plugins */ = {
			isa = PBXGroup;
			children = (
				BC1C785578CE4A299061CC86 /* CDVStatusBar.m */,
				5DEE8B9F77224C508E7111BA /* CDVStatusBar.h */,
				E5F7B60697A84250A6D5835F /* CDVDevice.m */,
				9732E6FD93F54D00A87B8EA1 /* CDVDevice.h */,
				3EB3DD6021B646BD87F75711 /* CDVSplashScreen.m */,
				F3E1D60D8CC44C57ABC3FABA /* CDVViewController+SplashScreen.m */,
				E52052C0101742E285D5C503 /* CDVSplashScreen.h */,
				E2123F8D46DF474EB77F7B5A /* CDVViewController+SplashScreen.h */,
				7A44AC25FD9D4BEEBE86D922 /* CDVWKWebViewEngine.m */,
				74BFF3563D6A4AF7BA425A8E /* CDVWKWebViewUIDelegate.m */,
				D3D9A6E667B34F0281CE501E /* CDVWKProcessPoolFactory.m */,
				226B8CF51F244BB2829F985F /* IONAssetHandler.m */,
				2A25159213224D1EA8F43ED3 /* CDVWKWebViewEngine.h */,
				34E0C3C8F42646218C5E888C /* CDVWKWebViewUIDelegate.h */,
				6A463D93F2F24FAA9588F338 /* CDVWKProcessPoolFactory.h */,
				D79D88E8DE3F459E80029FA4 /* IONAssetHandler.h */,
				9CD3EAE234AF476C9E999454 /* CDVIonicKeyboard.m */,
				FF243D9FA382437085CE91B9 /* CDVIonicKeyboard.h */,
				71EAB0A669CA4C498DE35FBF /* DatePicker.m */,
				D70AF11986BE45A4A548F12C /* DatePicker.h */,
				DEFB9E696EF248E7AA6ECF80 /* UIImage+CropScaleOrientation.m */,
				12AEC6BBBD434D2597EBA887 /* CDVCamera.m */,
				FB024A08C66B492386D6D323 /* CDVJpegHeaderWriter.m */,
				2A7EBC953D384EBD83796E16 /* UIImage+CropScaleOrientation.h */,
				1DC3824A5DA7453CA9407F75 /* CDVCamera.h */,
				9BAC8349B42E4472A1D15BCA /* CDVJpegHeaderWriter.h */,
				B0F340D93DC64CCE8CC287B6 /* CDVExif.h */,
				EB6843DC20EE4D23BB327411 /* CDVFile.m */,
				C4791F0236A94D079E258BF9 /* CDVLocalFilesystem.m */,
				E23B7A3819874E54B32F83AD /* CDVAssetLibraryFilesystem.m */,
				9FCAF82ADF254350B9F8C55A /* CDVFile.h */,
				DEC6C0861AD44DE0BAC06341 /* CDVLocalFilesystem.h */,
				5A09E7D919B341D1910FA001 /* CDVAssetLibraryFilesystem.h */,
				30377C643CF043CE857B4F98 /* CDVFileTransfer.m */,
				7D4B46B65BCD4253B4118A41 /* CDVFileTransfer.h */,
				DFC617EFDFEE491F8A03CC57 /* CDVInAppBrowser.m */,
				A27BAB2C741642CCA52B63B5 /* CDVInAppBrowserOptions.m */,
				95BD35EB5F874B83AED8D976 /* CDVInAppBrowserNavigationController.m */,
				9EF66F113B5340489DC62BF1 /* CDVUIInAppBrowser.m */,
				C5AAE5711BB84F10BD636AC6 /* CDVWKInAppBrowser.m */,
				86BBFF13126F46D596EAE46E /* CDVWKInAppBrowserUIDelegate.m */,
				4573D32184024391926BA4E1 /* CDVInAppBrowser.h */,
				CB203E4D450A450295F787FF /* CDVInAppBrowserOptions.h */,
				89091F169155488AB5423AF0 /* CDVInAppBrowserNavigationController.h */,
				4621005DADB94214AEB710A3 /* CDVUIInAppBrowser.h */,
				C287750B540448349716EFD2 /* CDVWKInAppBrowser.h */,
				6925818D3C104EAF8FE73E33 /* CDVWKInAppBrowserUIDelegate.h */,
				A6D2B6D236DD482FB7F5A4BD /* CDVLocation.m */,
				61D2EEB9ECB648B6BC030817 /* CDVLocation.h */,
				E3F8897247C849DB92B3D1D2 /* Diagnostic.m */,
				E4AD2AF400E247798CAB21E0 /* Diagnostic_Location.m */,
				EC0C583DF67F471D914B862A /* Diagnostic_Bluetooth.m */,
				900E6A933CAC46349215069F /* Diagnostic_Wifi.m */,
				8E804D07D7BC40848798FC94 /* Diagnostic_Camera.m */,
				36DDBE18AD204C5EB866010A /* Diagnostic_Notifications.m */,
				E88D6D346E454FD9A3F4EE71 /* Diagnostic_Microphone.m */,
				B22FF16274F44A2C97C70E20 /* Diagnostic_Contacts.m */,
				894059BE863B4E85AB4BC0ED /* Diagnostic_Calendar.m */,
				2D0E0C5ACAAA4074B458175B /* Diagnostic_Reminders.m */,
				B40A2D628D654177AE406674 /* Diagnostic_Motion.m */,
				E5F99900496441BEA5C435FC /* Diagnostic.h */,
				0A10D38F3B824A1E881B6AD7 /* Diagnostic_Location.h */,
				0EB7B770BA9D43358CB1FAC8 /* Diagnostic_Bluetooth.h */,
				FF8F0500B6344BB89AE8978B /* Diagnostic_Wifi.h */,
				1E13B112177744DB9F18C40C /* Diagnostic_Camera.h */,
				53539875231A434B98BA7680 /* Diagnostic_Notifications.h */,
				A56D2F5F129940AEA1653EDB /* Diagnostic_Microphone.h */,
				51A20B382E6E40319667EBC4 /* Diagnostic_Contacts.h */,
				0C228A0FF6414BC796F354A3 /* Diagnostic_Calendar.h */,
				8F8426B63C04471C9F35BBEE /* Diagnostic_Reminders.h */,
				B151D6C9EC9F4741ACF27D28 /* Diagnostic_Motion.h */,
				570B17DCA1BD4CE494A6AD03 /* NativeSettings.m */,
				750C252D6C23486DADB22043 /* NativeSettings.h */,
			);
			name = Plugins;
			path = "PPI POS/Plugins";
			sourceTree = SOURCE_ROOT;
		};
		EB87FDF11871DA420020F90C /* Staging */ = {
			isa = PBXGroup;
			children = (
				F840E1F0165FE0F500CFE078 /* config.xml */,
				301BF56E109A69640062928A /* www */,
			);
			name = Staging;
			sourceTree = "<group>";
		};
/* End PBXGroup section */

/* Begin PBXNativeTarget section */
		1D6058900D05DD3D006BFB54 /* PPI POS */ = {
			isa = PBXNativeTarget;
			buildConfigurationList = 1D6058960D05DD3E006BFB54 /* Build configuration list for PBXNativeTarget "PPI POS" */;
			buildPhases = (
				304B58A110DAC018002A0835 /* Copy www directory */,
				1D60588D0D05DD3D006BFB54 /* Resources */,
				1D60588E0D05DD3D006BFB54 /* Sources */,
				1D60588F0D05DD3D006BFB54 /* Frameworks */,
			);
			buildRules = (
			);
			dependencies = (
				301BF551109A68C00062928A /* PBXTargetDependency */,
			);
			name = "PPI POS";
			productName = "PPI POS";
			productReference = 1D6058910D05DD3D006BFB54 /* PPI POS.app */;
			productType = "com.apple.product-type.application";
		};
/* End PBXNativeTarget section */

/* Begin PBXProject section */
		29B97313FDCFA39411CA2CEA /* Project object */ = {
			isa = PBXProject;
			attributes = {
				LastUpgradeCheck = 510;
				TargetAttributes = {
					1D6058900D05DD3D006BFB54 = {
						ProvisioningStyle = Automatic;
					};
				};
			};
			buildConfigurationList = C01FCF4E08A954540054247B /* Build configuration list for PBXProject "PPI POS" */;
			compatibilityVersion = "Xcode 3.2";
			developmentRegion = English;
			hasScannedForEncodings = 1;
			mainGroup = 29B97314FDCFA39411CA2CEA /* CustomTemplate */;
			projectDirPath = "";
			projectReferences = (
				{
					ProductGroup = 301BF52E109A57CC0062928A /* Products */;
					ProjectRef = 301BF52D109A57CC0062928A /* CordovaLib.xcodeproj */;
				},
			);
			projectRoot = "";
			targets = (
				1D6058900D05DD3D006BFB54 /* PPI POS */,
			);
		};
/* End PBXProject section */

/* Begin PBXReferenceProxy section */
		301BF535109A57CC0062928A /* libCordova.a */ = {
			isa = PBXReferenceProxy;
			fileType = archive.ar;
			path = libCordova.a;
			remoteRef = 301BF534109A57CC0062928A /* PBXContainerItemProxy */;
			sourceTree = BUILT_PRODUCTS_DIR;
		};
		907D8124214C687600058A10 /* Cordova.framework */ = {
			isa = PBXReferenceProxy;
			fileType = wrapper.framework;
			path = Cordova.framework;
			remoteRef = 907D8123214C687600058A10 /* PBXContainerItemProxy */;
			sourceTree = BUILT_PRODUCTS_DIR;
		};
/* End PBXReferenceProxy section */

/* Begin PBXResourcesBuildPhase section */
		1D60588D0D05DD3D006BFB54 /* Resources */ = {
			isa = PBXResourcesBuildPhase;
			buildActionMask = 2147483647;
			files = (
				302D95F214D2391D003F00A1 /* MainViewController.xib in Resources */,
				0207DA581B56EA530066E2B4 /* Images.xcassets in Resources */,
				6AFF5BF91D6E424B00AB3073 /* CDVLaunchScreen.storyboard in Resources */,
				8FC574C46BE2459AB7CD9FA1 /* DatePicker.xib in Resources */,
			);
			runOnlyForDeploymentPostprocessing = 0;
		};
/* End PBXResourcesBuildPhase section */

/* Begin PBXShellScriptBuildPhase section */
		304B58A110DAC018002A0835 /* Copy www directory */ = {
			isa = PBXShellScriptBuildPhase;
			buildActionMask = 2147483647;
			files = (
			);
			inputPaths = (
			);
			name = "Copy www directory";
			outputPaths = (
			);
			runOnlyForDeploymentPostprocessing = 0;
			shellPath = /bin/sh;
			shellScript = "\"$SRCROOT/PPI POS/Scripts/copy-www-build-step.sh\"";
			showEnvVarsInLog = 0;
		};
/* End PBXShellScriptBuildPhase section */

/* Begin PBXSourcesBuildPhase section */
		1D60588E0D05DD3D006BFB54 /* Sources */ = {
			isa = PBXSourcesBuildPhase;
			buildActionMask = 2147483647;
			files = (
				1D60589B0D05DD56006BFB54 /* main.m in Sources */,
				1D3623260D0F684500981E51 /* AppDelegate.m in Sources */,
				302D95F114D2391D003F00A1 /* MainViewController.m in Sources */,
				0645BA3235E94606AAED9F5D /* CDVStatusBar.m in Sources */,
				3F7331644ACB4E309BBCF84D /* CDVDevice.m in Sources */,
				76D7ADECDD1849FAA3D195F3 /* CDVSplashScreen.m in Sources */,
				F32062AA50E0422F83C5DD71 /* CDVViewController+SplashScreen.m in Sources */,
				9181773C23E6457FA4A24D1F /* CDVWKWebViewEngine.m in Sources */,
				C69091DE5ECB4A53B2C0EC28 /* CDVWKWebViewUIDelegate.m in Sources */,
				78C0BA864A294E88BB19885E /* CDVWKProcessPoolFactory.m in Sources */,
				CAD2E78B1DD14460B6C28619 /* IONAssetHandler.m in Sources */,
				AE0C46592E384C1FB833C394 /* CDVIonicKeyboard.m in Sources */,
				AB99381F487243A0B86A5E17 /* DatePicker.m in Sources */,
				2E82C1924DC440EF92E1B0CC /* UIImage+CropScaleOrientation.m in Sources */,
				8245D8694F8640048FB1E167 /* CDVCamera.m in Sources */,
				A306E9C6533040ED95C3611E /* CDVJpegHeaderWriter.m in Sources */,
				714F1F9E5A17465097EE74DB /* CDVFile.m in Sources */,
				CDE32DDF289749749F13CCDC /* CDVLocalFilesystem.m in Sources */,
				4296DA6B62A5440E9DE68542 /* CDVAssetLibraryFilesystem.m in Sources */,
				645CEE352C40414A92AE9709 /* CDVFileTransfer.m in Sources */,
				A1A15A86C784498DA9E24EB9 /* CDVInAppBrowser.m in Sources */,
				23F4E996785B45A0961928F2 /* CDVInAppBrowserOptions.m in Sources */,
				A66BE339B34845F09C9B352A /* CDVInAppBrowserNavigationController.m in Sources */,
				D9CC245625EA48DC9529108F /* CDVUIInAppBrowser.m in Sources */,
				BC5E206354284D2F86C746AC /* CDVWKInAppBrowser.m in Sources */,
				F1DD3886B27A48F487B3A7C7 /* CDVWKInAppBrowserUIDelegate.m in Sources */,
				722D75B7AFEC4A159BC95BB4 /* CDVLocation.m in Sources */,
				78BB0E469A474F0CAF4AB7F3 /* Diagnostic.m in Sources */,
				8397A69E02824F0A908696C4 /* Diagnostic_Location.m in Sources */,
				1B2C83481D6E452BAA1B0C1C /* Diagnostic_Bluetooth.m in Sources */,
				84F35EF62F514C0D99A5FEB6 /* Diagnostic_Wifi.m in Sources */,
				C911C2411455477799AC4352 /* Diagnostic_Camera.m in Sources */,
				530E5B80D4D84BCEA1356C8F /* Diagnostic_Notifications.m in Sources */,
				864495F6033B442B809F4B81 /* Diagnostic_Microphone.m in Sources */,
				CC17D3BD4C6F409C8B5AB223 /* Diagnostic_Contacts.m in Sources */,
				CAD618128C5146669FBA9809 /* Diagnostic_Calendar.m in Sources */,
				39CBAA34EF564C09B9B26014 /* Diagnostic_Reminders.m in Sources */,
				ACA4E68A3EC64BC7AA9BE914 /* Diagnostic_Motion.m in Sources */,
				4EA67EC9511243F3B6AA42F2 /* NativeSettings.m in Sources */,
			);
			runOnlyForDeploymentPostprocessing = 0;
		};
/* End PBXSourcesBuildPhase section */

/* Begin PBXTargetDependency section */
		301BF551109A68C00062928A /* PBXTargetDependency */ = {
			isa = PBXTargetDependency;
			name = CordovaLib;
			targetProxy = 301BF550109A68C00062928A /* PBXContainerItemProxy */;
		};
/* End PBXTargetDependency section */

/* Begin XCBuildConfiguration section */
		1D6058940D05DD3E006BFB54 /* Debug */ = {
			isa = XCBuildConfiguration;
			baseConfigurationReference = 3047A50F1AB8059700498E2A /* build-debug.xcconfig */;
			buildSettings = {
				ALWAYS_SEARCH_USER_PATHS = NO;
				ASSETCATALOG_COMPILER_APPICON_NAME = AppIcon;
				ASSETCATALOG_COMPILER_LAUNCHIMAGE_NAME = LaunchImage;
				CLANG_ENABLE_MODULES = YES;
				CLANG_ENABLE_OBJC_ARC = YES;
				COPY_PHASE_STRIP = NO;
				GCC_DYNAMIC_NO_PIC = NO;
				GCC_OPTIMIZATION_LEVEL = 0;
				GCC_PRECOMPILE_PREFIX_HEADER = YES;
				GCC_PREFIX_HEADER = "PPI POS/PPI POS-Prefix.pch";
				GCC_THUMB_SUPPORT = NO;
				GCC_VERSION = "";
				INFOPLIST_FILE = "PPI POS/PPI POS-Info.plist";
				IPHONEOS_DEPLOYMENT_TARGET = 11.0;
				LD_RUNPATH_SEARCH_PATHS = "@executable_path/Frameworks";
				PRODUCT_BUNDLE_IDENTIFIER = eoffice.pos.ppi;
				PRODUCT_NAME = "$(TARGET_NAME)";
				TARGETED_DEVICE_FAMILY = "1,2";
				WK_WEB_VIEW_ONLY = 1;
			};
			name = Debug;
		};
		1D6058950D05DD3E006BFB54 /* Release */ = {
			isa = XCBuildConfiguration;
			baseConfigurationReference = 3047A5101AB8059700498E2A /* build-release.xcconfig */;
			buildSettings = {
				ALWAYS_SEARCH_USER_PATHS = NO;
				ASSETCATALOG_COMPILER_APPICON_NAME = AppIcon;
				ASSETCATALOG_COMPILER_LAUNCHIMAGE_NAME = LaunchImage;
				CLANG_ENABLE_MODULES = YES;
				CLANG_ENABLE_OBJC_ARC = YES;
				COPY_PHASE_STRIP = YES;
				GCC_PRECOMPILE_PREFIX_HEADER = YES;
				GCC_PREFIX_HEADER = "PPI POS/PPI POS-Prefix.pch";
				GCC_THUMB_SUPPORT = NO;
				GCC_VERSION = "";
				INFOPLIST_FILE = "PPI POS/PPI POS-Info.plist";
				IPHONEOS_DEPLOYMENT_TARGET = 11.0;
				LD_RUNPATH_SEARCH_PATHS = "@executable_path/Frameworks";
				PRODUCT_BUNDLE_IDENTIFIER = eoffice.pos.ppi;
				PRODUCT_NAME = "$(TARGET_NAME)";
				TARGETED_DEVICE_FAMILY = "1,2";
				WK_WEB_VIEW_ONLY = 1;
			};
			name = Release;
		};
		C01FCF4F08A954540054247B /* Debug */ = {
			isa = XCBuildConfiguration;
			baseConfigurationReference = 3047A5111AB8059700498E2A /* build.xcconfig */;
			buildSettings = {
				CLANG_ENABLE_MODULES = YES;
				CLANG_ENABLE_OBJC_ARC = YES;
				CLANG_WARN_BLOCK_CAPTURE_AUTORELEASING = YES;
				CLANG_WARN_BOOL_CONVERSION = YES;
				CLANG_WARN_COMMA = YES;
				CLANG_WARN_CONSTANT_CONVERSION = YES;
				CLANG_WARN_DEPRECATED_OBJC_IMPLEMENTATIONS = YES;
				CLANG_WARN_EMPTY_BODY = YES;
				CLANG_WARN_ENUM_CONVERSION = YES;
				CLANG_WARN_INFINITE_RECURSION = YES;
				CLANG_WARN_INT_CONVERSION = YES;
				CLANG_WARN_NON_LITERAL_NULL_CONVERSION = YES;
				CLANG_WARN_OBJC_IMPLICIT_RETAIN_SELF = YES;
				CLANG_WARN_OBJC_LITERAL_CONVERSION = YES;
				CLANG_WARN_RANGE_LOOP_ANALYSIS = YES;
				CLANG_WARN_STRICT_PROTOTYPES = YES;
				CLANG_WARN_SUSPICIOUS_MOVE = YES;
				CLANG_WARN_UNREACHABLE_CODE = YES;
				CLANG_WARN__DUPLICATE_METHOD_MATCH = YES;
				ENABLE_STRICT_OBJC_MSGSEND = YES;
				ENABLE_TESTABILITY = YES;
				GCC_C_LANGUAGE_STANDARD = c99;
				GCC_NO_COMMON_BLOCKS = YES;
				GCC_THUMB_SUPPORT = NO;
				GCC_VERSION = "";
				GCC_WARN_64_TO_32_BIT_CONVERSION = YES;
				GCC_WARN_ABOUT_RETURN_TYPE = YES;
				GCC_WARN_UNDECLARED_SELECTOR = YES;
				GCC_WARN_UNINITIALIZED_AUTOS = YES;
				GCC_WARN_UNUSED_FUNCTION = YES;
				GCC_WARN_UNUSED_VARIABLE = YES;
				ONLY_ACTIVE_ARCH = YES;
				SDKROOT = iphoneos;
				SKIP_INSTALL = NO;
				WK_WEB_VIEW_ONLY = 1;
				PRODUCT_BUNDLE_IDENTIFIER = eoffice.pos.ppi;
				IPHONEOS_DEPLOYMENT_TARGET = 11.0;
			};
			name = Debug;
		};
		C01FCF5008A954540054247B /* Release */ = {
			isa = XCBuildConfiguration;
			baseConfigurationReference = 3047A5111AB8059700498E2A /* build.xcconfig */;
			buildSettings = {
				CLANG_ENABLE_MODULES = YES;
				CLANG_ENABLE_OBJC_ARC = YES;
				CLANG_WARN_BLOCK_CAPTURE_AUTORELEASING = YES;
				CLANG_WARN_BOOL_CONVERSION = YES;
				CLANG_WARN_COMMA = YES;
				CLANG_WARN_CONSTANT_CONVERSION = YES;
				CLANG_WARN_DEPRECATED_OBJC_IMPLEMENTATIONS = YES;
				CLANG_WARN_EMPTY_BODY = YES;
				CLANG_WARN_ENUM_CONVERSION = YES;
				CLANG_WARN_INFINITE_RECURSION = YES;
				CLANG_WARN_INT_CONVERSION = YES;
				CLANG_WARN_NON_LITERAL_NULL_CONVERSION = YES;
				CLANG_WARN_OBJC_IMPLICIT_RETAIN_SELF = YES;
				CLANG_WARN_OBJC_LITERAL_CONVERSION = YES;
				CLANG_WARN_RANGE_LOOP_ANALYSIS = YES;
				CLANG_WARN_STRICT_PROTOTYPES = YES;
				CLANG_WARN_SUSPICIOUS_MOVE = YES;
				CLANG_WARN_UNREACHABLE_CODE = YES;
				CLANG_WARN__DUPLICATE_METHOD_MATCH = YES;
				ENABLE_STRICT_OBJC_MSGSEND = YES;
				GCC_C_LANGUAGE_STANDARD = c99;
				GCC_NO_COMMON_BLOCKS = YES;
				GCC_THUMB_SUPPORT = NO;
				GCC_VERSION = "";
				GCC_WARN_64_TO_32_BIT_CONVERSION = YES;
				GCC_WARN_ABOUT_RETURN_TYPE = YES;
				GCC_WARN_UNDECLARED_SELECTOR = YES;
				GCC_WARN_UNINITIALIZED_AUTOS = YES;
				GCC_WARN_UNUSED_FUNCTION = YES;
				GCC_WARN_UNUSED_VARIABLE = YES;
				SDKROOT = iphoneos;
				SKIP_INSTALL = NO;
				WK_WEB_VIEW_ONLY = 1;
				PRODUCT_BUNDLE_IDENTIFIER = eoffice.pos.ppi;
				IPHONEOS_DEPLOYMENT_TARGET = 11.0;
			};
			name = Release;
		};
/* End XCBuildConfiguration section */

/* Begin XCConfigurationList section */
		1D6058960D05DD3E006BFB54 /* Build configuration list for PBXNativeTarget "PPI POS" */ = {
			isa = XCConfigurationList;
			buildConfigurations = (
				1D6058940D05DD3E006BFB54 /* Debug */,
				1D6058950D05DD3E006BFB54 /* Release */,
			);
			defaultConfigurationIsVisible = 0;
			defaultConfigurationName = Release;
		};
		C01FCF4E08A954540054247B /* Build configuration list for PBXProject "PPI POS" */ = {
			isa = XCConfigurationList;
			buildConfigurations = (
				C01FCF4F08A954540054247B /* Debug */,
				C01FCF5008A954540054247B /* Release */,
			);
			defaultConfigurationIsVisible = 0;
			defaultConfigurationName = Release;
		};
/* End XCConfigurationList section */
	};
	rootObject = 29B97313FDCFA39411CA2CEA /* Project object */;
}
